Microsoft Visual Studio Solution File, Format Version 12.00
# Visual Studio Version 17
VisualStudioVersion = 17.5.2.0
MinimumVisualStudioVersion = 10.0.40219.1
Project("{FAE04EC0-301F-11D3-BF4B-00C04F79EFBC}") = "wcsharp", "wcsharp\wcsharp.csproj", "{80BC446E-9ABC-3DAD-5655-2E6A598C1825}"
EndProject
Project("{2150E333-8FDC-42A3-9474-1A3956D46DE8}") = "WMPL", "WMPL", "{EAD459CF-8629-269C-C9FB-28AAE2237F02}"
EndProject
Project("{FAE04EC0-301F-11D3-BF4B-00C04F79EFBC}") = "WriteManPagesLib", "WMPL\WriteManPagesLib.csproj", "{FB94EBF9-25B8-2FE7-2EC7-36B5595708E4}"
EndProject
Global
	GlobalSection(SolutionConfigurationPlatforms) = preSolution
		Debug|Any CPU = Debug|Any CPU
		Release|Any CPU = Release|Any CPU
	EndGlobalSection
	GlobalSection(ProjectConfigurationPlatforms) = postSolution
		{80BC446E-9ABC-3DAD-5655-2E6A598C1825}.Debug|Any CPU.ActiveCfg = Debug|Any CPU
		{80BC446E-9ABC-3DAD-5655-2E6A598C1825}.Debug|Any CPU.Build.0 = Debug|Any CPU
		{80BC446E-9ABC-3DAD-5655-2E6A598C1825}.Release|Any CPU.ActiveCfg = Release|Any CPU
		{80BC446E-9ABC-3DAD-5655-2E6A598C1825}.Release|Any CPU.Build.0 = Release|Any CPU
		{FB94EBF9-25B8-2FE7-2EC7-36B5595708E4}.Debug|Any CPU.ActiveCfg = Debug|Any CPU
		{FB94EBF9-25B8-2FE7-2EC7-36B5595708E4}.Debug|Any CPU.Build.0 = Debug|Any CPU
		{FB94EBF9-25B8-2FE7-2EC7-36B5595708E4}.Release|Any CPU.ActiveCfg = Release|Any CPU
		{FB94EBF9-25B8-2FE7-2EC7-36B5595708E4}.Release|Any CPU.Build.0 = Release|Any CPU
	EndGlobalSection
	GlobalSection(SolutionProperties) = preSolution
		HideSolutionNode = FALSE
	EndGlobalSection
	GlobalSection(NestedProjects) = preSolution
		{FB94EBF9-25B8-2FE7-2EC7-36B5595708E4} = {EAD459CF-8629-269C-C9FB-28AAE2237F02}
	EndGlobalSection
	GlobalSection(ExtensibilityGlobals) = postSolution
		SolutionGuid = {858D86F9-BB0B-4A6C-AE13-C50B0A12F763}
	EndGlobalSection
EndGlobal
